
Microsoft Visual Studio Solution File, Format Version 12.00
# Visual Studio 14
VisualStudioVersion = 14.0.23107.0
MinimumVisualStudioVersion = 10.0.40219.1
Project("{FAE04EC0-301F-11D3-BF4B-00C04F79EFBC}") = "JaggedArraySort", "JaggedArraySort\JaggedArraySort.csproj", "{CAE9D1F9-C1E2-46BA-839A-22D24A7F55F7}"
EndProject
Project("{FAE04EC0-301F-11D3-BF4B-00C04F79EFBC}") = "JaggedArraySort.Tests", "JaggedArraySort.Tests\JaggedArraySort.Tests.csproj", "{6CA26B92-F50D-43E8-88A1-9464AFD37566}"
EndProject
Global
	GlobalSection(SolutionConfigurationPlatforms) = preSolution
		Debug|Any CPU = Debug|Any CPU
		Release|Any CPU = Release|Any CPU
	EndGlobalSection
	GlobalSection(ProjectConfigurationPlatforms) = postSolution
		{CAE9D1F9-C1E2-46BA-839A-22D24A7F55F7}.Debug|Any CPU.ActiveCfg = Debug|Any CPU
		{CAE9D1F9-C1E2-46BA-839A-22D24A7F55F7}.Debug|Any CPU.Build.0 = Debug|Any CPU
		{CAE9D1F9-C1E2-46BA-839A-22D24A7F55F7}.Release|Any CPU.ActiveCfg = Release|Any CPU
		{CAE9D1F9-C1E2-46BA-839A-22D24A7F55F7}.Release|Any CPU.Build.0 = Release|Any CPU
		{6CA26B92-F50D-43E8-88A1-9464AFD37566}.Debug|Any CPU.ActiveCfg = Debug|Any CPU
		{6CA26B92-F50D-43E8-88A1-9464AFD37566}.Debug|Any CPU.Build.0 = Debug|Any CPU
		{6CA26B92-F50D-43E8-88A1-9464AFD37566}.Release|Any CPU.ActiveCfg = Release|Any CPU
		{6CA26B92-F50D-43E8-88A1-9464AFD37566}.Release|Any CPU.Build.0 = Release|Any CPU
	EndGlobalSection
	GlobalSection(SolutionProperties) = preSolution
		HideSolutionNode = FALSE
	EndGlobalSection
EndGlobal
